
Microsoft Visual Studio Solution File, Format Version 12.00
# Visual Studio 15
VisualStudioVersion = 15.0.27130.2020
MinimumVisualStudioVersion = 10.0.40219.1
Project("{2150E333-8FDC-42A3-9474-1A3956D46DE8}") = "Test", "Test", "{810B8D4A-8B63-4159-A01E-1C634AB94661}"
EndProject
Project("{9A19103F-16F7-4668-BE54-9A1E7A4F7556}") = "Kanga", "Kanga\Kanga.csproj", "{2ECE3F59-D781-486C-8775-3F15573B9B2D}"
EndProject
Project("{9A19103F-16F7-4668-BE54-9A1E7A4F7556}") = "Kanga.HAL", "Kanga.HAL\Kanga.HAL.csproj", "{15F6238D-5DCC-4FB3-9274-5B434C4F285A}"
EndProject
Project("{9A19103F-16F7-4668-BE54-9A1E7A4F7556}") = "Kanga.Test", "Kanga.Test\Kanga.Test.csproj", "{A45AD50C-83C5-4659-80B0-5D53572B4DD3}"
EndProject
Global
	GlobalSection(SolutionConfigurationPlatforms) = preSolution
		Debug|Any CPU = Debug|Any CPU
		Release|Any CPU = Release|Any CPU
	EndGlobalSection
	GlobalSection(ProjectConfigurationPlatforms) = postSolution
		{2ECE3F59-D781-486C-8775-3F15573B9B2D}.Debug|Any CPU.ActiveCfg = Debug|Any CPU
		{2ECE3F59-D781-486C-8775-3F15573B9B2D}.Debug|Any CPU.Build.0 = Debug|Any CPU
		{2ECE3F59-D781-486C-8775-3F15573B9B2D}.Release|Any CPU.ActiveCfg = Release|Any CPU
		{2ECE3F59-D781-486C-8775-3F15573B9B2D}.Release|Any CPU.Build.0 = Release|Any CPU
		{15F6238D-5DCC-4FB3-9274-5B434C4F285A}.Debug|Any CPU.ActiveCfg = Debug|Any CPU
		{15F6238D-5DCC-4FB3-9274-5B434C4F285A}.Debug|Any CPU.Build.0 = Debug|Any CPU
		{15F6238D-5DCC-4FB3-9274-5B434C4F285A}.Release|Any CPU.ActiveCfg = Release|Any CPU
		{15F6238D-5DCC-4FB3-9274-5B434C4F285A}.Release|Any CPU.Build.0 = Release|Any CPU
		{A45AD50C-83C5-4659-80B0-5D53572B4DD3}.Debug|Any CPU.ActiveCfg = Debug|Any CPU
		{A45AD50C-83C5-4659-80B0-5D53572B4DD3}.Debug|Any CPU.Build.0 = Debug|Any CPU
		{A45AD50C-83C5-4659-80B0-5D53572B4DD3}.Release|Any CPU.ActiveCfg = Release|Any CPU
		{A45AD50C-83C5-4659-80B0-5D53572B4DD3}.Release|Any CPU.Build.0 = Release|Any CPU
	EndGlobalSection
	GlobalSection(SolutionProperties) = preSolution
		HideSolutionNode = FALSE
	EndGlobalSection
	GlobalSection(NestedProjects) = preSolution
		{A45AD50C-83C5-4659-80B0-5D53572B4DD3} = {810B8D4A-8B63-4159-A01E-1C634AB94661}
	EndGlobalSection
	GlobalSection(ExtensibilityGlobals) = postSolution
		SolutionGuid = {761D7CBE-0942-496F-BCE6-42F9314832A6}
	EndGlobalSection
EndGlobal
